
Microsoft Visual Studio Solution File, Format Version 12.00
# Visual Studio 15
VisualStudioVersion = 15.0.27130.2010
MinimumVisualStudioVersion = 10.0.40219.1
Project("{8BC9CEB8-8B4A-11D0-8D11-00A0C91BC942}") = "hw6", "hw6.vcxproj", "{402D00E7-AD4C-49C3-BB90-FE8000DA9033}"
EndProject
Global
	GlobalSection(SolutionConfigurationPlatforms) = preSolution
		Debug|x64 = Debug|x64
		Debug|x86 = Debug|x86
		Release|x64 = Release|x64
		Release|x86 = Release|x86
	EndGlobalSection
	GlobalSection(ProjectConfigurationPlatforms) = postSolution
		{402D00E7-AD4C-49C3-BB90-FE8000DA9033}.Debug|x64.ActiveCfg = Debug|x64
		{402D00E7-AD4C-49C3-BB90-FE8000DA9033}.Debug|x64.Build.0 = Debug|x64
		{402D00E7-AD4C-49C3-BB90-FE8000DA9033}.Debug|x86.ActiveCfg = Debug|Win32
		{402D00E7-AD4C-49C3-BB90-FE8000DA9033}.Debug|x86.Build.0 = Debug|Win32
		{402D00E7-AD4C-49C3-BB90-FE8000DA9033}.Release|x64.ActiveCfg = Release|x64
		{402D00E7-AD4C-49C3-BB90-FE8000DA9033}.Release|x64.Build.0 = Release|x64
		{402D00E7-AD4C-49C3-BB90-FE8000DA9033}.Release|x86.ActiveCfg = Release|Win32
		{402D00E7-AD4C-49C3-BB90-FE8000DA9033}.Release|x86.Build.0 = Release|Win32
	EndGlobalSection
	GlobalSection(SolutionProperties) = preSolution
		HideSolutionNode = FALSE
	EndGlobalSection
	GlobalSection(ExtensibilityGlobals) = postSolution
		SolutionGuid = {AC1F2BE3-6CFF-4268-9D26-388733436090}
	EndGlobalSection
EndGlobal
