
Microsoft Visual Studio Solution File, Format Version 12.00
# Visual Studio 2013
VisualStudioVersion = 12.0.40629.0
MinimumVisualStudioVersion = 10.0.40219.1
Project("{8BC9CEB8-8B4A-11D0-8D11-00A0C91BC942}") = "Lab1", "Lab1.vcxproj", "{25AFA52E-F61E-4538-B79B-F7D4705A754D}"
EndProject
Global
	GlobalSection(SolutionConfigurationPlatforms) = preSolution
		Debug|Win32 = Debug|Win32
		Release|Win32 = Release|Win32
	EndGlobalSection
	GlobalSection(ProjectConfigurationPlatforms) = postSolution
		{25AFA52E-F61E-4538-B79B-F7D4705A754D}.Debug|Win32.ActiveCfg = Debug|Win32
		{25AFA52E-F61E-4538-B79B-F7D4705A754D}.Debug|Win32.Build.0 = Debug|Win32
		{25AFA52E-F61E-4538-B79B-F7D4705A754D}.Release|Win32.ActiveCfg = Release|Win32
		{25AFA52E-F61E-4538-B79B-F7D4705A754D}.Release|Win32.Build.0 = Release|Win32
	EndGlobalSection
	GlobalSection(SolutionProperties) = preSolution
		HideSolutionNode = FALSE
	EndGlobalSection
EndGlobal
